
Microsoft Visual Studio Solution File, Format Version 12.00
# Visual Studio Version 16
VisualStudioVersion = 16.0.32002.261
MinimumVisualStudioVersion = 10.0.40219.1
Project("{FAE04EC0-301F-11D3-BF4B-00C04F79EFBC}") = "M3Task31", "M3Task31\M3Task31.csproj", "{31F0DF0F-3E45-4AE4-9414-982C68BA63CC}"
EndProject
Global
	GlobalSection(SolutionConfigurationPlatforms) = preSolution
		Debug|Any CPU = Debug|Any CPU
		Release|Any CPU = Release|Any CPU
	EndGlobalSection
	GlobalSection(ProjectConfigurationPlatforms) = postSolution
		{31F0DF0F-3E45-4AE4-9414-982C68BA63CC}.Debug|Any CPU.ActiveCfg = Debug|Any CPU
		{31F0DF0F-3E45-4AE4-9414-982C68BA63CC}.Debug|Any CPU.Build.0 = Debug|Any CPU
		{31F0DF0F-3E45-4AE4-9414-982C68BA63CC}.Release|Any CPU.ActiveCfg = Release|Any CPU
		{31F0DF0F-3E45-4AE4-9414-982C68BA63CC}.Release|Any CPU.Build.0 = Release|Any CPU
	EndGlobalSection
	GlobalSection(SolutionProperties) = preSolution
		HideSolutionNode = FALSE
	EndGlobalSection
	GlobalSection(ExtensibilityGlobals) = postSolution
		SolutionGuid = {8993A618-5428-44F9-BC2A-1B3D5929947C}
	EndGlobalSection
EndGlobal
